
Microsoft Visual Studio Solution File, Format Version 10.00
# Visual Studio 2008
Project("{8BC9CEB8-8B4A-11D0-8D11-00A0C91BC942}") = "CopieurReseauLocal", "CopieurReseauLocal\CopieurReseauLocal.vcproj", "{9B93E625-CB67-4B6A-BFA7-DC8F4A6121EF}"
EndProject
Project("{54435603-DBB4-11D2-8724-00A0C9A8B90C}") = "Setup", "Setup\Setup.vdproj", "{63F9D940-CC28-4A9B-948B-AE1F8D887259}"
EndProject
Global
	GlobalSection(SolutionConfigurationPlatforms) = preSolution
		Debug|Win32 = Debug|Win32
		Release|Win32 = Release|Win32
	EndGlobalSection
	GlobalSection(ProjectConfigurationPlatforms) = postSolution
		{9B93E625-CB67-4B6A-BFA7-DC8F4A6121EF}.Debug|Win32.ActiveCfg = Debug|Win32
		{9B93E625-CB67-4B6A-BFA7-DC8F4A6121EF}.Debug|Win32.Build.0 = Debug|Win32
		{9B93E625-CB67-4B6A-BFA7-DC8F4A6121EF}.Release|Win32.ActiveCfg = Release|Win32
		{9B93E625-CB67-4B6A-BFA7-DC8F4A6121EF}.Release|Win32.Build.0 = Release|Win32
		{63F9D940-CC28-4A9B-948B-AE1F8D887259}.Debug|Win32.ActiveCfg = Debug
		{63F9D940-CC28-4A9B-948B-AE1F8D887259}.Release|Win32.ActiveCfg = Release
	EndGlobalSection
	GlobalSection(SolutionProperties) = preSolution
		HideSolutionNode = FALSE
	EndGlobalSection
EndGlobal
